
Microsoft Visual Studio Solution File, Format Version 12.00
# Visual Studio Version 17
VisualStudioVersion = 17.14.36623.8 d17.14
MinimumVisualStudioVersion = 10.0.40219.1
Project("{FAE04EC0-301F-11D3-BF4B-00C04F79EFBC}") = "LibraryManagementSystem", "LibraryManagementSystem\LibraryManagementSystem.csproj", "{E4C1097F-E715-4751-AF21-23EB7800218A}"
EndProject
Project("{FAE04EC0-301F-11D3-BF4B-00C04F79EFBC}") = "SmartHomeSystem.Tests", "..\SmartHome\SmartHomeSystem.Tests\SmartHomeSystem.Tests.csproj", "{7F392F65-52CE-33DB-30F5-C8E064831127}"
EndProject
Global
	GlobalSection(SolutionConfigurationPlatforms) = preSolution
		Debug|Any CPU = Debug|Any CPU
		Release|Any CPU = Release|Any CPU
	EndGlobalSection
	GlobalSection(ProjectConfigurationPlatforms) = postSolution
		{E4C1097F-E715-4751-AF21-23EB7800218A}.Debug|Any CPU.ActiveCfg = Debug|Any CPU
		{E4C1097F-E715-4751-AF21-23EB7800218A}.Debug|Any CPU.Build.0 = Debug|Any CPU
		{E4C1097F-E715-4751-AF21-23EB7800218A}.Release|Any CPU.ActiveCfg = Release|Any CPU
		{E4C1097F-E715-4751-AF21-23EB7800218A}.Release|Any CPU.Build.0 = Release|Any CPU
		{7F392F65-52CE-33DB-30F5-C8E064831127}.Debug|Any CPU.ActiveCfg = Debug|Any CPU
		{7F392F65-52CE-33DB-30F5-C8E064831127}.Debug|Any CPU.Build.0 = Debug|Any CPU
		{7F392F65-52CE-33DB-30F5-C8E064831127}.Release|Any CPU.ActiveCfg = Release|Any CPU
		{7F392F65-52CE-33DB-30F5-C8E064831127}.Release|Any CPU.Build.0 = Release|Any CPU
	EndGlobalSection
	GlobalSection(SolutionProperties) = preSolution
		HideSolutionNode = FALSE
	EndGlobalSection
	GlobalSection(ExtensibilityGlobals) = postSolution
		SolutionGuid = {4B7685E1-128F-491B-AF9D-0C66DA3555EA}
	EndGlobalSection
EndGlobal
